// !$*UTF8*$!
{
	archiveVersion = 1;
	classes = {
	};
	objectVersion = 50;
	objects = {

/* Begin PBXBuildFile section */
		B6FC39D821B1877C00C47425 /* AppDelegate.swift in Sources */ = {isa = PBXBuildFile; fileRef = B6FC39D721B1877C00C47425 /* AppDelegate.swift */; };
		B6FC39DD21B1877C00C47425 /* Main.storyboard in Resources */ = {isa = PBXBuildFile; fileRef = B6FC39DB21B1877C00C47425 /* Main.storyboard */; };
		B6FC39DF21B1878A00C47425 /* Assets.xcassets in Resources */ = {isa = PBXBuildFile; fileRef = B6FC39DE21B1878A00C47425 /* Assets.xcassets */; };
		B6FC39E221B1878A00C47425 /* LaunchScreen.storyboard in Resources */ = {isa = PBXBuildFile; fileRef = B6FC39E021B1878A00C47425 /* LaunchScreen.storyboard */; };
		B6FC39ED21B1878A00C47425 /* DataAppTests.swift in Sources */ = {isa = PBXBuildFile; fileRef = B6FC39EC21B1878A00C47425 /* DataAppTests.swift */; };
		B6FC39F821B1878A00C47425 /* DataAppUITests.swift in Sources */ = {isa = PBXBuildFile; fileRef = B6FC39F721B1878A00C47425 /* DataAppUITests.swift */; };
		B6FC3A0B21B18A3200C47425 /* TableViewController.swift in Sources */ = {isa = PBXBuildFile; fileRef = B6FC3A0A21B18A3200C47425 /* TableViewController.swift */; };
		B6FC3A0D21B18A6300C47425 /* BucketItemCell.swift in Sources */ = {isa = PBXBuildFile; fileRef = B6FC3A0C21B18A6300C47425 /* BucketItemCell.swift */; };
		B6FC3A1021B18AB900C47425 /* BucketItem.swift in Sources */ = {isa = PBXBuildFile; fileRef = B6FC3A0F21B18AB900C47425 /* BucketItem.swift */; };
		B6FC3A1221B18B5900C47425 /* bucket18.csv in Resources */ = {isa = PBXBuildFile; fileRef = B6FC3A1121B18B5900C47425 /* bucket18.csv */; };
/* End PBXBuildFile section */

/* Begin PBXContainerItemProxy section */
		B6FC39E921B1878A00C47425 /* PBXContainerItemProxy */ = {
			isa = PBXContainerItemProxy;
			containerPortal = B6FC39CC21B1877C00C47425 /* Project object */;
			proxyType = 1;
			remoteGlobalIDString = B6FC39D321B1877C00C47425;
			remoteInfo = DataApp;
		};
		B6FC39F421B1878A00C47425 /* PBXContainerItemProxy */ = {
			isa = PBXContainerItemProxy;
			containerPortal = B6FC39CC21B1877C00C47425 /* Project object */;
			proxyType = 1;
			remoteGlobalIDString = B6FC39D321B1877C00C47425;
			remoteInfo = DataApp;
		};
/* End PBXContainerItemProxy section */

/* Begin PBXFileReference section */
		B6FC39D421B1877C00C47425 /* DataApp.app */ = {isa = PBXFileReference; explicitFileType = wrapper.application; includeInIndex = 0; path = DataApp.app; sourceTree = BUILT_PRODUCTS_DIR; };
		B6FC39D721B1877C00C47425 /* AppDelegate.swift */ = {isa = PBXFileReference; lastKnownFileType = sourcecode.swift; path = AppDelegate.swift; sourceTree = "<group>"; };
		B6FC39DC21B1877C00C47425 /* Base */ = {isa = PBXFileReference; lastKnownFileType = file.storyboard; name = Base; path = Base.lproj/Main.storyboard; sourceTree = "<group>"; };
		B6FC39DE21B1878A00C47425 /* Assets.xcassets */ = {isa = PBXFileReference; lastKnownFileType = folder.assetcatalog; path = Assets.xcassets; sourceTree = "<group>"; };
		B6FC39E121B1878A00C47425 /* Base */ = {isa = PBXFileReference; lastKnownFileType = file.storyboard; name = Base; path = Base.lproj/LaunchScreen.storyboard; sourceTree = "<group>"; };
		B6FC39E321B1878A00C47425 /* Info.plist */ = {isa = PBXFileReference; lastKnownFileType = text.plist.xml; path = Info.plist; sourceTree = "<group>"; };
		B6FC39E821B1878A00C47425 /* DataAppTests.xctest */ = {isa = PBXFileReference; explicitFileType = wrapper.cfbundle; includeInIndex = 0; path = DataAppTests.xctest; sourceTree = BUILT_PRODUCTS_DIR; };
		B6FC39EC21B1878A00C47425 /* DataAppTests.swift */ = {isa = PBXFileReference; lastKnownFileType = sourcecode.swift; path = DataAppTests.swift; sourceTree = "<group>"; };
		B6FC39EE21B1878A00C47425 /* Info.plist */ = {isa = PBXFileReference; lastKnownFileType = text.plist.xml; path = Info.plist; sourceTree = "<group>"; };
		B6FC39F321B1878A00C47425 /* DataAppUITests.xctest */ = {isa = PBXFileReference; explicitFileType = wrapper.cfbundle; includeInIndex = 0; path = DataAppUITests.xctest; sourceTree = BUILT_PRODUCTS_DIR; };
		B6FC39F721B1878A00C47425 /* DataAppUITests.swift */ = {isa = PBXFileReference; lastKnownFileType = sourcecode.swift; path = DataAppUITests.swift; sourceTree = "<group>"; };
		B6FC39F921B1878A00C47425 /* Info.plist */ = {isa = PBXFileReference; lastKnownFileType = text.plist.xml; path = Info.plist; sourceTree = "<group>"; };
		B6FC3A0A21B18A3200C47425 /* TableViewController.swift */ = {isa = PBXFileReference; lastKnownFileType = sourcecode.swift; path = TableViewController.swift; sourceTree = "<group>"; };
		B6FC3A0C21B18A6300C47425 /* BucketItemCell.swift */ = {isa = PBXFileReference; lastKnownFileType = sourcecode.swift; path = BucketItemCell.swift; sourceTree = "<group>"; };
		B6FC3A0F21B18AB900C47425 /* BucketItem.swift */ = {isa = PBXFileReference; lastKnownFileType = sourcecode.swift; path = BucketItem.swift; sourceTree = "<group>"; };
		B6FC3A1121B18B5900C47425 /* bucket18.csv */ = {isa = PBXFileReference; fileEncoding = 4; lastKnownFileType = text; name = bucket18.csv; path = ../../../../Downloads/bucket18.csv; sourceTree = "<group>"; };
/* End PBXFileReference section */

/* Begin PBXFrameworksBuildPhase section */
		B6FC39D121B1877C00C47425 /* Frameworks */ = {
			isa = PBXFrameworksBuildPhase;
			buildActionMask = 2147483647;
			files = (
			);
			runOnlyForDeploymentPostprocessing = 0;
		};
		B6FC39E521B1878A00C47425 /* Frameworks */ = {
			isa = PBXFrameworksBuildPhase;
			buildActionMask = 2147483647;
			files = (
			);
			runOnlyForDeploymentPostprocessing = 0;
		};
		B6FC39F021B1878A00C47425 /* Frameworks */ = {
			isa = PBXFrameworksBuildPhase;
			buildActionMask = 2147483647;
			files = (
			);
			runOnlyForDeploymentPostprocessing = 0;
		};
/* End PBXFrameworksBuildPhase section */

/* Begin PBXGroup section */
		B6FC39CB21B1877C00C47425 = {
			isa = PBXGroup;
			children = (
				B6FC39D621B1877C00C47425 /* DataApp */,
				B6FC39EB21B1878A00C47425 /* DataAppTests */,
				B6FC39F621B1878A00C47425 /* DataAppUITests */,
				B6FC39D521B1877C00C47425 /* Products */,
			);
			sourceTree = "<group>";
		};
		B6FC39D521B1877C00C47425 /* Products */ = {
			isa = PBXGroup;
			children = (
				B6FC39D421B1877C00C47425 /* DataApp.app */,
				B6FC39E821B1878A00C47425 /* DataAppTests.xctest */,
				B6FC39F321B1878A00C47425 /* DataAppUITests.xctest */,
			);
			name = Products;
			sourceTree = "<group>";
		};
		B6FC39D621B1877C00C47425 /* DataApp */ = {
			isa = PBXGroup;
			children = (
				B6FC3A0521B187E400C47425 /* Resources */,
				B6FC3A0721B187FC00C47425 /* Controller */,
				B6FC3A0E21B18A9800C47425 /* Model */,
				B6FC3A0621B187F200C47425 /* View */,
			);
			path = DataApp;
			sourceTree = "<group>";
		};
		B6FC39EB21B1878A00C47425 /* DataAppTests */ = {
			isa = PBXGroup;
			children = (
				B6FC39EC21B1878A00C47425 /* DataAppTests.swift */,
				B6FC39EE21B1878A00C47425 /* Info.plist */,
			);
			path = DataAppTests;
			sourceTree = "<group>";
		};
		B6FC39F621B1878A00C47425 /* DataAppUITests */ = {
			isa = PBXGroup;
			children = (
				B6FC39F721B1878A00C47425 /* DataAppUITests.swift */,
				B6FC39F921B1878A00C47425 /* Info.plist */,
			);
			path = DataAppUITests;
			sourceTree = "<group>";
		};
		B6FC3A0521B187E400C47425 /* Resources */ = {
			isa = PBXGroup;
			children = (
				B6FC3A1121B18B5900C47425 /* bucket18.csv */,
				B6FC39D721B1877C00C47425 /* AppDelegate.swift */,
				B6FC39DE21B1878A00C47425 /* Assets.xcassets */,
				B6FC39E321B1878A00C47425 /* Info.plist */,
			);
			path = Resources;
			sourceTree = "<group>";
		};
		B6FC3A0621B187F200C47425 /* View */ = {
			isa = PBXGroup;
			children = (
				B6FC39DB21B1877C00C47425 /* Main.storyboard */,
				B6FC39E021B1878A00C47425 /* LaunchScreen.storyboard */,
			);
			path = View;
			sourceTree = "<group>";
		};
		B6FC3A0721B187FC00C47425 /* Controller */ = {
			isa = PBXGroup;
			children = (
				B6FC3A0A21B18A3200C47425 /* TableViewController.swift */,
				B6FC3A0C21B18A6300C47425 /* BucketItemCell.swift */,
			);
			path = Controller;
			sourceTree = "<group>";
		};
		B6FC3A0E21B18A9800C47425 /* Model */ = {
			isa = PBXGroup;
			children = (
				B6FC3A0F21B18AB900C47425 /* BucketItem.swift */,
			);
			path = Model;
			sourceTree = "<group>";
		};
/* End PBXGroup section */

/* Begin PBXNativeTarget section */
		B6FC39D321B1877C00C47425 /* DataApp */ = {
			isa = PBXNativeTarget;
			buildConfigurationList = B6FC39FC21B1878A00C47425 /* Build configuration list for PBXNativeTarget "DataApp" */;
			buildPhases = (
				B6FC39D021B1877C00C47425 /* Sources */,
				B6FC39D121B1877C00C47425 /* Frameworks */,
				B6FC39D221B1877C00C47425 /* Resources */,
			);
			buildRules = (
			);
			dependencies = (
			);
			name = DataApp;
			productName = DataApp;
			productReference = B6FC39D421B1877C00C47425 /* DataApp.app */;
			productType = "com.apple.product-type.application";
		};
		B6FC39E721B1878A00C47425 /* DataAppTests */ = {
			isa = PBXNativeTarget;
			buildConfigurationList = B6FC39FF21B1878A00C47425 /* Build configuration list for PBXNativeTarget "DataAppTests" */;
			buildPhases = (
				B6FC39E421B1878A00C47425 /* Sources */,
				B6FC39E521B1878A00C47425 /* Frameworks */,
				B6FC39E621B1878A00C47425 /* Resources */,
			);
			buildRules = (
			);
			dependencies = (
				B6FC39EA21B1878A00C47425 /* PBXTargetDependency */,
			);
			name = DataAppTests;
			productName = DataAppTests;
			productReference = B6FC39E821B1878A00C47425 /* DataAppTests.xctest */;
			productType = "com.apple.product-type.bundle.unit-test";
		};
		B6FC39F221B1878A00C47425 /* DataAppUITests */ = {
			isa = PBXNativeTarget;
			buildConfigurationList = B6FC3A0221B1878A00C47425 /* Build configuration list for PBXNativeTarget "DataAppUITests" */;
			buildPhases = (
				B6FC39EF21B1878A00C47425 /* Sources */,
				B6FC39F021B1878A00C47425 /* Frameworks */,
				B6FC39F121B1878A00C47425 /* Resources */,
			);
			buildRules = (
			);
			dependencies = (
				B6FC39F521B1878A00C47425 /* PBXTargetDependency */,
			);
			name = DataAppUITests;
			productName = DataAppUITests;
			productReference = B6FC39F321B1878A00C47425 /* DataAppUITests.xctest */;
			productType = "com.apple.product-type.bundle.ui-testing";
		};
/* End PBXNativeTarget section */

/* Begin PBXProject section */
		B6FC39CC21B1877C00C47425 /* Project object */ = {
			isa = PBXProject;
			attributes = {
				LastSwiftUpdateCheck = 1000;
				LastUpgradeCheck = 1000;
				ORGANIZATIONNAME = CTEC;
				TargetAttributes = {
					B6FC39D321B1877C00C47425 = {
						CreatedOnToolsVersion = 10.0;
					};
					B6FC39E721B1878A00C47425 = {
						CreatedOnToolsVersion = 10.0;
						TestTargetID = B6FC39D321B1877C00C47425;
					};
					B6FC39F221B1878A00C47425 = {
						CreatedOnToolsVersion = 10.0;
						TestTargetID = B6FC39D321B1877C00C47425;
					};
				};
			};
			buildConfigurationList = B6FC39CF21B1877C00C47425 /* Build configuration list for PBXProject "DataApp" */;
			compatibilityVersion = "Xcode 9.3";
			developmentRegion = en;
			hasScannedForEncodings = 0;
			knownRegions = (
				en,
				Base,
			);
			mainGroup = B6FC39CB21B1877C00C47425;
			productRefGroup = B6FC39D521B1877C00C47425 /* Products */;
			projectDirPath = "";
			projectRoot = "";
			targets = (
				B6FC39D321B1877C00C47425 /* DataApp */,
				B6FC39E721B1878A00C47425 /* DataAppTests */,
				B6FC39F221B1878A00C47425 /* DataAppUITests */,
			);
		};
/* End PBXProject section */

/* Begin PBXResourcesBuildPhase section */
		B6FC39D221B1877C00C47425 /* Resources */ = {
			isa = PBXResourcesBuildPhase;
			buildActionMask = 2147483647;
			files = (
				B6FC39E221B1878A00C47425 /* LaunchScreen.storyboard in Resources */,
				B6FC3A1221B18B5900C47425 /* bucket18.csv in Resources */,
				B6FC39DF21B1878A00C47425 /* Assets.xcassets in Resources */,
				B6FC39DD21B1877C00C47425 /* Main.storyboard in Resources */,
			);
			runOnlyForDeploymentPostprocessing = 0;
		};
		B6FC39E621B1878A00C47425 /* Resources */ = {
			isa = PBXResourcesBuildPhase;
			buildActionMask = 2147483647;
			files = (
			);
			runOnlyForDeploymentPostprocessing = 0;
		};
		B6FC39F121B1878A00C47425 /* Resources */ = {
			isa = PBXResourcesBuildPhase;
			buildActionMask = 2147483647;
			files = (
			);
			runOnlyForDeploymentPostprocessing = 0;
		};
/* End PBXResourcesBuildPhase section */

/* Begin PBXSourcesBuildPhase section */
		B6FC39D021B1877C00C47425 /* Sources */ = {
			isa = PBXSourcesBuildPhase;
			buildActionMask = 2147483647;
			files = (
				B6FC3A1021B18AB900C47425 /* BucketItem.swift in Sources */,
				B6FC3A0D21B18A6300C47425 /* BucketItemCell.swift in Sources */,
				B6FC39D821B1877C00C47425 /* AppDelegate.swift in Sources */,
				B6FC3A0B21B18A3200C47425 /* TableViewController.swift in Sources */,
			);
			runOnlyForDeploymentPostprocessing = 0;
		};
		B6FC39E421B1878A00C47425 /* Sources */ = {
			isa = PBXSourcesBuildPhase;
			buildActionMask = 2147483647;
			files = (
				B6FC39ED21B1878A00C47425 /* DataAppTests.swift in Sources */,
			);
			runOnlyForDeploymentPostprocessing = 0;
		};
		B6FC39EF21B1878A00C47425 /* Sources */ = {
			isa = PBXSourcesBuildPhase;
			buildActionMask = 2147483647;
			files = (
				B6FC39F821B1878A00C47425 /* DataAppUITests.swift in Sources */,
			);
			runOnlyForDeploymentPostprocessing = 0;
		};
/* End PBXSourcesBuildPhase section */

/* Begin PBXTargetDependency section */
		B6FC39EA21B1878A00C47425 /* PBXTargetDependency */ = {
			isa = PBXTargetDependency;
			target = B6FC39D321B1877C00C47425 /* DataApp */;
			targetProxy = B6FC39E921B1878A00C47425 /* PBXContainerItemProxy */;
		};
		B6FC39F521B1878A00C47425 /* PBXTargetDependency */ = {
			isa = PBXTargetDependency;
			target = B6FC39D321B1877C00C47425 /* DataApp */;
			targetProxy = B6FC39F421B1878A00C47425 /* PBXContainerItemProxy */;
		};
/* End PBXTargetDependency section */

/* Begin PBXVariantGroup section */
		B6FC39DB21B1877C00C47425 /* Main.storyboard */ = {
			isa = PBXVariantGroup;
			children = (
				B6FC39DC21B1877C00C47425 /* Base */,
			);
			name = Main.storyboard;
			sourceTree = "<group>";
		};
		B6FC39E021B1878A00C47425 /* LaunchScreen.storyboard */ = {
			isa = PBXVariantGroup;
			children = (
				B6FC39E121B1878A00C47425 /* Base */,
			);
			name = LaunchScreen.storyboard;
			sourceTree = "<group>";
		};
/* End PBXVariantGroup section */

/* Begin XCBuildConfiguration section */
		B6FC39FA21B1878A00C47425 /* Debug */ = {
			isa = XCBuildConfiguration;
			buildSettings = {
				ALWAYS_SEARCH_USER_PATHS = NO;
				CLANG_ANALYZER_NONNULL = YES;
				CLANG_ANALYZER_NUMBER_OBJECT_CONVERSION = YES_AGGRESSIVE;
				CLANG_CXX_LANGUAGE_STANDARD = "gnu++14";
				CLANG_CXX_LIBRARY = "libc++";
				CLANG_ENABLE_MODULES = YES;
				CLANG_ENABLE_OBJC_ARC = YES;
				CLANG_ENABLE_OBJC_WEAK = YES;
				CLANG_WARN_BLOCK_CAPTURE_AUTORELEASING = YES;
				CLANG_WARN_BOOL_CONVERSION = YES;
				CLANG_WARN_COMMA = YES;
				CLANG_WARN_CONSTANT_CONVERSION = YES;
				CLANG_WARN_DEPRECATED_OBJC_IMPLEMENTATIONS = YES;
				CLANG_WARN_DIRECT_OBJC_ISA_USAGE = YES_ERROR;
				CLANG_WARN_DOCUMENTATION_COMMENTS = YES;
				CLANG_WARN_EMPTY_BODY = YES;
				CLANG_WARN_ENUM_CONVERSION = YES;
				CLANG_WARN_INFINITE_RECURSION = YES;
				CLANG_WARN_INT_CONVERSION = YES;
				CLANG_WARN_NON_LITERAL_NULL_CONVERSION = YES;
				CLANG_WARN_OBJC_IMPLICIT_RETAIN_SELF = YES;
				CLANG_WARN_OBJC_LITERAL_CONVERSION = YES;
				CLANG_WARN_OBJC_ROOT_CLASS = YES_ERROR;
				CLANG_WARN_RANGE_LOOP_ANALYSIS = YES;
				CLANG_WARN_STRICT_PROTOTYPES = YES;
				CLANG_WARN_SUSPICIOUS_MOVE = YES;
				CLANG_WARN_UNGUARDED_AVAILABILITY = YES_AGGRESSIVE;
				CLANG_WARN_UNREACHABLE_CODE = YES;
				CLANG_WARN__DUPLICATE_METHOD_MATCH = YES;
				CODE_SIGN_IDENTITY = "iPhone Developer";
				COPY_PHASE_STRIP = NO;
				DEBUG_INFORMATION_FORMAT = dwarf;
				ENABLE_STRICT_OBJC_MSGSEND = YES;
				ENABLE_TESTABILITY = YES;
				GCC_C_LANGUAGE_STANDARD = gnu11;
				GCC_DYNAMIC_NO_PIC = NO;
				GCC_NO_COMMON_BLOCKS = YES;
				GCC_OPTIMIZATION_LEVEL = 0;
				GCC_PREPROCESSOR_DEFINITIONS = (
					"DEBUG=1",
					"$(inherited)",
				);
				GCC_WARN_64_TO_32_BIT_CONVERSION = YES;
				GCC_WARN_ABOUT_RETURN_TYPE = YES_ERROR;
				GCC_WARN_UNDECLARED_SELECTOR = YES;
				GCC_WARN_UNINITIALIZED_AUTOS = YES_AGGRESSIVE;
				GCC_WARN_UNUSED_FUNCTION = YES;
				GCC_WARN_UNUSED_VARIABLE = YES;
				IPHONEOS_DEPLOYMENT_TARGET = 12.0;
				MTL_ENABLE_DEBUG_INFO = INCLUDE_SOURCE;
				MTL_FAST_MATH = YES;
				ONLY_ACTIVE_ARCH = YES;
				SDKROOT = iphoneos;
				SWIFT_ACTIVE_COMPILATION_CONDITIONS = DEBUG;
				SWIFT_OPTIMIZATION_LEVEL = "-Onone";
			};
			name = Debug;
		};
		B6FC39FB21B1878A00C47425 /* Release */ = {
			isa = XCBuildConfiguration;
			buildSettings = {
				ALWAYS_SEARCH_USER_PATHS = NO;
				CLANG_ANALYZER_NONNULL = YES;
				CLANG_ANALYZER_NUMBER_OBJECT_CONVERSION = YES_AGGRESSIVE;
				CLANG_CXX_LANGUAGE_STANDARD = "gnu++14";
				CLANG_CXX_LIBRARY = "libc++";
				CLANG_ENABLE_MODULES = YES;
				CLANG_ENABLE_OBJC_ARC = YES;
				CLANG_ENABLE_OBJC_WEAK = YES;
				CLANG_WARN_BLOCK_CAPTURE_AUTORELEASING = YES;
				CLANG_WARN_BOOL_CONVERSION = YES;
				CLANG_WARN_COMMA = YES;
				CLANG_WARN_CONSTANT_CONVERSION = YES;
				CLANG_WARN_DEPRECATED_OBJC_IMPLEMENTATIONS = YES;
				CLANG_WARN_DIRECT_OBJC_ISA_USAGE = YES_ERROR;
				CLANG_WARN_DOCUMENTATION_COMMENTS = YES;
				CLANG_WARN_EMPTY_BODY = YES;
				CLANG_WARN_ENUM_CONVERSION = YES;
				CLANG_WARN_INFINITE_RECURSION = YES;
				CLANG_WARN_INT_CONVERSION = YES;
				CLANG_WARN_NON_LITERAL_NULL_CONVERSION = YES;
				CLANG_WARN_OBJC_IMPLICIT_RETAIN_SELF = YES;
				CLANG_WARN_OBJC_LITERAL_CONVERSION = YES;
				CLANG_WARN_OBJC_ROOT_CLASS = YES_ERROR;
				CLANG_WARN_RANGE_LOOP_ANALYSIS = YES;
				CLANG_WARN_STRICT_PROTOTYPES = YES;
				CLANG_WARN_SUSPICIOUS_MOVE = YES;
				CLANG_WARN_UNGUARDED_AVAILABILITY = YES_AGGRESSIVE;
				CLANG_WARN_UNREACHABLE_CODE = YES;
				CLANG_WARN__DUPLICATE_METHOD_MATCH = YES;
				CODE_SIGN_IDENTITY = "iPhone Developer";
				COPY_PHASE_STRIP = NO;
				DEBUG_INFORMATION_FORMAT = "dwarf-with-dsym";
				ENABLE_NS_ASSERTIONS = NO;
				ENABLE_STRICT_OBJC_MSGSEND = YES;
				GCC_C_LANGUAGE_STANDARD = gnu11;
				GCC_NO_COMMON_BLOCKS = YES;
				GCC_WARN_64_TO_32_BIT_CONVERSION = YES;
				GCC_WARN_ABOUT_RETURN_TYPE = YES_ERROR;
				GCC_WARN_UNDECLARED_SELECTOR = YES;
				GCC_WARN_UNINITIALIZED_AUTOS = YES_AGGRESSIVE;
				GCC_WARN_UNUSED_FUNCTION = YES;
				GCC_WARN_UNUSED_VARIABLE = YES;
				IPHONEOS_DEPLOYMENT_TARGET = 12.0;
				MTL_ENABLE_DEBUG_INFO = NO;
				MTL_FAST_MATH = YES;
				SDKROOT = iphoneos;
				SWIFT_COMPILATION_MODE = wholemodule;
				SWIFT_OPTIMIZATION_LEVEL = "-O";
				VALIDATE_PRODUCT = YES;
			};
			name = Release;
		};
		B6FC39FD21B1878A00C47425 /* Debug */ = {
			isa = XCBuildConfiguration;
			buildSettings = {
				ASSETCATALOG_COMPILER_APPICON_NAME = AppIcon;
				CODE_SIGN_STYLE = Automatic;
				INFOPLIST_FILE = "$(SRCROOT)/DataApp/Resources/Info.plist";
				LD_RUNPATH_SEARCH_PATHS = (
					"$(inherited)",
					"@executable_path/Frameworks",
				);
				PRODUCT_BUNDLE_IDENTIFIER = CTEC.DataApp;
				PRODUCT_NAME = "$(TARGET_NAME)";
				SWIFT_VERSION = 4.2;
				TARGETED_DEVICE_FAMILY = "1,2";
			};
			name = Debug;
		};
		B6FC39FE21B1878A00C47425 /* Release */ = {
			isa = XCBuildConfiguration;
			buildSettings = {
				ASSETCATALOG_COMPILER_APPICON_NAME = AppIcon;
				CODE_SIGN_STYLE = Automatic;
				INFOPLIST_FILE = "$(SRCROOT)/DataApp/Resources/Info.plist";
				LD_RUNPATH_SEARCH_PATHS = (
					"$(inherited)",
					"@executable_path/Frameworks",
				);
				PRODUCT_BUNDLE_IDENTIFIER = CTEC.DataApp;
				PRODUCT_NAME = "$(TARGET_NAME)";
				SWIFT_VERSION = 4.2;
				TARGETED_DEVICE_FAMILY = "1,2";
			};
			name = Release;
		};
		B6FC3A0021B1878A00C47425 /* Debug */ = {
			isa = XCBuildConfiguration;
			buildSettings = {
				ALWAYS_EMBED_SWIFT_STANDARD_LIBRARIES = YES;
				BUNDLE_LOADER = "$(TEST_HOST)";
				CODE_SIGN_STYLE = Automatic;
				INFOPLIST_FILE = DataAppTests/Info.plist;
				LD_RUNPATH_SEARCH_PATHS = (
					"$(inherited)",
					"@executable_path/Frameworks",
					"@loader_path/Frameworks",
				);
				PRODUCT_BUNDLE_IDENTIFIER = CTEC.DataAppTests;
				PRODUCT_NAME = "$(TARGET_NAME)";
				SWIFT_VERSION = 4.2;
				TARGETED_DEVICE_FAMILY = "1,2";
				TEST_HOST = "$(BUILT_PRODUCTS_DIR)/DataApp.app/DataApp";
			};
			name = Debug;
		};
		B6FC3A0121B1878A00C47425 /* Release */ = {
			isa = XCBuildConfiguration;
			buildSettings = {
				ALWAYS_EMBED_SWIFT_STANDARD_LIBRARIES = YES;
				BUNDLE_LOADER = "$(TEST_HOST)";
				CODE_SIGN_STYLE = Automatic;
				INFOPLIST_FILE = DataAppTests/Info.plist;
				LD_RUNPATH_SEARCH_PATHS = (
					"$(inherited)",
					"@executable_path/Frameworks",
					"@loader_path/Frameworks",
				);
				PRODUCT_BUNDLE_IDENTIFIER = CTEC.DataAppTests;
				PRODUCT_NAME = "$(TARGET_NAME)";
				SWIFT_VERSION = 4.2;
				TARGETED_DEVICE_FAMILY = "1,2";
				TEST_HOST = "$(BUILT_PRODUCTS_DIR)/DataApp.app/DataApp";
			};
			name = Release;
		};
		B6FC3A0321B1878A00C47425 /* Debug */ = {
			isa = XCBuildConfiguration;
			buildSettings = {
				ALWAYS_EMBED_SWIFT_STANDARD_LIBRARIES = YES;
				CODE_SIGN_STYLE = Automatic;
				INFOPLIST_FILE = DataAppUITests/Info.plist;
				LD_RUNPATH_SEARCH_PATHS = (
					"$(inherited)",
					"@executable_path/Frameworks",
					"@loader_path/Frameworks",
				);
				PRODUCT_BUNDLE_IDENTIFIER = CTEC.DataAppUITests;
				PRODUCT_NAME = "$(TARGET_NAME)";
				SWIFT_VERSION = 4.2;
				TARGETED_DEVICE_FAMILY = "1,2";
				TEST_TARGET_NAME = DataApp;
			};
			name = Debug;
		};
		B6FC3A0421B1878A00C47425 /* Release */ = {
			isa = XCBuildConfiguration;
			buildSettings = {
				ALWAYS_EMBED_SWIFT_STANDARD_LIBRARIES = YES;
				CODE_SIGN_STYLE = Automatic;
				INFOPLIST_FILE = DataAppUITests/Info.plist;
				LD_RUNPATH_SEARCH_PATHS = (
					"$(inherited)",
					"@executable_path/Frameworks",
					"@loader_path/Frameworks",
				);
				PRODUCT_BUNDLE_IDENTIFIER = CTEC.DataAppUITests;
				PRODUCT_NAME = "$(TARGET_NAME)";
				SWIFT_VERSION = 4.2;
				TARGETED_DEVICE_FAMILY = "1,2";
				TEST_TARGET_NAME = DataApp;
			};
			name = Release;
		};
/* End XCBuildConfiguration section */

/* Begin XCConfigurationList section */
		B6FC39CF21B1877C00C47425 /* Build configuration list for PBXProject "DataApp" */ = {
			isa = XCConfigurationList;
			buildConfigurations = (
				B6FC39FA21B1878A00C47425 /* Debug */,
				B6FC39FB21B1878A00C47425 /* Release */,
			);
			defaultConfigurationIsVisible = 0;
			defaultConfigurationName = Release;
		};
		B6FC39FC21B1878A00C47425 /* Build configuration list for PBXNativeTarget "DataApp" */ = {
			isa = XCConfigurationList;
			buildConfigurations = (
				B6FC39FD21B1878A00C47425 /* Debug */,
				B6FC39FE21B1878A00C47425 /* Release */,
			);
			defaultConfigurationIsVisible = 0;
			defaultConfigurationName = Release;
		};
		B6FC39FF21B1878A00C47425 /* Build configuration list for PBXNativeTarget "DataAppTests" */ = {
			isa = XCConfigurationList;
			buildConfigurations = (
				B6FC3A0021B1878A00C47425 /* Debug */,
				B6FC3A0121B1878A00C47425 /* Release */,
			);
			defaultConfigurationIsVisible = 0;
			defaultConfigurationName = Release;
		};
		B6FC3A0221B1878A00C47425 /* Build configuration list for PBXNativeTarget "DataAppUITests" */ = {
			isa = XCConfigurationList;
			buildConfigurations = (
				B6FC3A0321B1878A00C47425 /* Debug */,
				B6FC3A0421B1878A00C47425 /* Release */,
			);
			defaultConfigurationIsVisible = 0;
			defaultConfigurationName = Release;
		};
/* End XCConfigurationList section */
	};
	rootObject = B6FC39CC21B1877C00C47425 /* Project object */;
}
